
Microsoft Visual Studio Solution File, Format Version 12.00
# Visual Studio Version 17
VisualStudioVersion = 17.3.32901.215
MinimumVisualStudioVersion = 10.0.40219.1
Project("{FAE04EC0-301F-11D3-BF4B-00C04F79EFBC}") = "Esercizio16", "Esercizio16\Esercizio16.csproj", "{F89B10F5-E995-4D66-873D-00E7AB17D96C}"
EndProject
Global
	GlobalSection(SolutionConfigurationPlatforms) = preSolution
		Debug|Any CPU = Debug|Any CPU
		Release|Any CPU = Release|Any CPU
	EndGlobalSection
	GlobalSection(ProjectConfigurationPlatforms) = postSolution
		{F89B10F5-E995-4D66-873D-00E7AB17D96C}.Debug|Any CPU.ActiveCfg = Debug|Any CPU
		{F89B10F5-E995-4D66-873D-00E7AB17D96C}.Debug|Any CPU.Build.0 = Debug|Any CPU
		{F89B10F5-E995-4D66-873D-00E7AB17D96C}.Release|Any CPU.ActiveCfg = Release|Any CPU
		{F89B10F5-E995-4D66-873D-00E7AB17D96C}.Release|Any CPU.Build.0 = Release|Any CPU
	EndGlobalSection
	GlobalSection(SolutionProperties) = preSolution
		HideSolutionNode = FALSE
	EndGlobalSection
	GlobalSection(ExtensibilityGlobals) = postSolution
		SolutionGuid = {00B47272-D18C-425B-9ECD-03A79694A02B}
	EndGlobalSection
EndGlobal
